
Microsoft Visual Studio Solution File, Format Version 12.00
# Visual Studio Version 16
VisualStudioVersion = 25.0.1705.4
MinimumVisualStudioVersion = 10.0.40219.1
Project("{FAE04EC0-301F-11D3-BF4B-00C04F79EFBC}") = "Ejercisios", "Ejercisios\Ejercisios.csproj", "{7183A782-108F-4707-A77D-6B80E2842B23}"
EndProject
Global
	GlobalSection(SolutionConfigurationPlatforms) = preSolution
		Debug|Any CPU = Debug|Any CPU
		Release|Any CPU = Release|Any CPU
	EndGlobalSection
	GlobalSection(ProjectConfigurationPlatforms) = postSolution
		{7183A782-108F-4707-A77D-6B80E2842B23}.Debug|Any CPU.ActiveCfg = Debug|Any CPU
		{7183A782-108F-4707-A77D-6B80E2842B23}.Debug|Any CPU.Build.0 = Debug|Any CPU
		{7183A782-108F-4707-A77D-6B80E2842B23}.Release|Any CPU.ActiveCfg = Release|Any CPU
		{7183A782-108F-4707-A77D-6B80E2842B23}.Release|Any CPU.Build.0 = Release|Any CPU
	EndGlobalSection
	GlobalSection(SolutionProperties) = preSolution
		HideSolutionNode = FALSE
	EndGlobalSection
	GlobalSection(ExtensibilityGlobals) = postSolution
		SolutionGuid = {529D3025-E8A2-45E2-87B0-BE2C96CECED1}
	EndGlobalSection
EndGlobal
